
Microsoft Visual Studio Solution File, Format Version 12.00
# Visual Studio 14
VisualStudioVersion = 14.0.25420.1
MinimumVisualStudioVersion = 10.0.40219.1
Project("{2150E333-8FDC-42A3-9474-1A3956D46DE8}") = "src", "src", "{F90D5101-669D-4AFC-A632-7A644D556F9A}"
EndProject
Project("{2150E333-8FDC-42A3-9474-1A3956D46DE8}") = "Solution Items", "Solution Items", "{2DC5C6F1-7B13-4B9E-B81D-DEA9AE937B40}"
	ProjectSection(SolutionItems) = preProject
		global.json = global.json
	EndProjectSection
EndProject
Project("{8BB2217D-0F2D-49D1-97BC-3654ED321F3B}") = "CICDSample.API", "src\CICDSample.API\CICDSample.API.xproj", "{B6F629AD-A10D-4473-A759-90D6BB81CC90}"
EndProject
Project("{8BB2217D-0F2D-49D1-97BC-3654ED321F3B}") = "CICDSample.Domain", "src\CICDSample.Domain\CICDSample.Domain.xproj", "{FA45935D-C332-467D-9F4C-25D069430C21}"
EndProject
Project("{8BB2217D-0F2D-49D1-97BC-3654ED321F3B}") = "CICDSample.Tests", "src\CICDSample.Tests\CICDSample.Tests.xproj", "{3C1A4A05-5BBD-440D-BD62-7305F5C2CC96}"
EndProject
Project("{8BB2217D-0F2D-49D1-97BC-3654ED321F3B}") = "CICDSample.Application", "src\CICDSample.Application\CICDSample.Application.xproj", "{09D18702-616B-4743-A5E8-BDC42AF812F2}"
EndProject
Project("{2150E333-8FDC-42A3-9474-1A3956D46DE8}") = "1 - Presentation", "1 - Presentation", "{1791EE94-2466-434C-920F-42B1B1E838E3}"
EndProject
Project("{2150E333-8FDC-42A3-9474-1A3956D46DE8}") = "2 - Application", "2 - Application", "{C417F451-1A4C-4C93-8BC7-8A0BD7411D99}"
EndProject
Project("{2150E333-8FDC-42A3-9474-1A3956D46DE8}") = "3 - Domain", "3 - Domain", "{CF9F7B8D-31B7-4C62-9F18-76921C96617E}"
EndProject
Project("{2150E333-8FDC-42A3-9474-1A3956D46DE8}") = "4 - Infra", "4 - Infra", "{82C153C8-86BE-4616-9D19-E349D9510FF1}"
EndProject
Project("{2150E333-8FDC-42A3-9474-1A3956D46DE8}") = "4.1 - Data", "4.1 - Data", "{CB139647-0378-4E77-96AA-1C6816FA5BB4}"
EndProject
Project("{2150E333-8FDC-42A3-9474-1A3956D46DE8}") = "4.2 - CrossCutting", "4.2 - CrossCutting", "{B5F186AE-5D66-47B4-945C-2EBFD3674558}"
EndProject
Project("{2150E333-8FDC-42A3-9474-1A3956D46DE8}") = "4.3 - Tests", "4.3 - Tests", "{332F9739-954A-4434-B079-3A1864F80495}"
EndProject
Global
	GlobalSection(SolutionConfigurationPlatforms) = preSolution
		Debug|Any CPU = Debug|Any CPU
		Release|Any CPU = Release|Any CPU
	EndGlobalSection
	GlobalSection(ProjectConfigurationPlatforms) = postSolution
		{B6F629AD-A10D-4473-A759-90D6BB81CC90}.Debug|Any CPU.ActiveCfg = Debug|Any CPU
		{B6F629AD-A10D-4473-A759-90D6BB81CC90}.Debug|Any CPU.Build.0 = Debug|Any CPU
		{B6F629AD-A10D-4473-A759-90D6BB81CC90}.Release|Any CPU.ActiveCfg = Release|Any CPU
		{B6F629AD-A10D-4473-A759-90D6BB81CC90}.Release|Any CPU.Build.0 = Release|Any CPU
		{FA45935D-C332-467D-9F4C-25D069430C21}.Debug|Any CPU.ActiveCfg = Debug|Any CPU
		{FA45935D-C332-467D-9F4C-25D069430C21}.Debug|Any CPU.Build.0 = Debug|Any CPU
		{FA45935D-C332-467D-9F4C-25D069430C21}.Release|Any CPU.ActiveCfg = Release|Any CPU
		{FA45935D-C332-467D-9F4C-25D069430C21}.Release|Any CPU.Build.0 = Release|Any CPU
		{3C1A4A05-5BBD-440D-BD62-7305F5C2CC96}.Debug|Any CPU.ActiveCfg = Debug|Any CPU
		{3C1A4A05-5BBD-440D-BD62-7305F5C2CC96}.Debug|Any CPU.Build.0 = Debug|Any CPU
		{3C1A4A05-5BBD-440D-BD62-7305F5C2CC96}.Release|Any CPU.ActiveCfg = Release|Any CPU
		{3C1A4A05-5BBD-440D-BD62-7305F5C2CC96}.Release|Any CPU.Build.0 = Release|Any CPU
		{09D18702-616B-4743-A5E8-BDC42AF812F2}.Debug|Any CPU.ActiveCfg = Debug|Any CPU
		{09D18702-616B-4743-A5E8-BDC42AF812F2}.Debug|Any CPU.Build.0 = Debug|Any CPU
		{09D18702-616B-4743-A5E8-BDC42AF812F2}.Release|Any CPU.ActiveCfg = Release|Any CPU
		{09D18702-616B-4743-A5E8-BDC42AF812F2}.Release|Any CPU.Build.0 = Release|Any CPU
	EndGlobalSection
	GlobalSection(SolutionProperties) = preSolution
		HideSolutionNode = FALSE
	EndGlobalSection
	GlobalSection(NestedProjects) = preSolution
		{B6F629AD-A10D-4473-A759-90D6BB81CC90} = {C417F451-1A4C-4C93-8BC7-8A0BD7411D99}
		{FA45935D-C332-467D-9F4C-25D069430C21} = {CF9F7B8D-31B7-4C62-9F18-76921C96617E}
		{3C1A4A05-5BBD-440D-BD62-7305F5C2CC96} = {332F9739-954A-4434-B079-3A1864F80495}
		{09D18702-616B-4743-A5E8-BDC42AF812F2} = {C417F451-1A4C-4C93-8BC7-8A0BD7411D99}
		{1791EE94-2466-434C-920F-42B1B1E838E3} = {F90D5101-669D-4AFC-A632-7A644D556F9A}
		{C417F451-1A4C-4C93-8BC7-8A0BD7411D99} = {F90D5101-669D-4AFC-A632-7A644D556F9A}
		{CF9F7B8D-31B7-4C62-9F18-76921C96617E} = {F90D5101-669D-4AFC-A632-7A644D556F9A}
		{82C153C8-86BE-4616-9D19-E349D9510FF1} = {F90D5101-669D-4AFC-A632-7A644D556F9A}
		{CB139647-0378-4E77-96AA-1C6816FA5BB4} = {82C153C8-86BE-4616-9D19-E349D9510FF1}
		{B5F186AE-5D66-47B4-945C-2EBFD3674558} = {82C153C8-86BE-4616-9D19-E349D9510FF1}
		{332F9739-954A-4434-B079-3A1864F80495} = {82C153C8-86BE-4616-9D19-E349D9510FF1}
	EndGlobalSection
EndGlobal
